
Microsoft Visual Studio Solution File, Format Version 12.00
# Visual Studio Version 17
VisualStudioVersion = 17.6.33829.357
MinimumVisualStudioVersion = 10.0.40219.1
Project("{FAE04EC0-301F-11D3-BF4B-00C04F79EFBC}") = "Lab08", "Lab08.csproj", "{090EA6E3-513E-4F17-AFC2-287D87F1A1A3}"
EndProject
Global
	GlobalSection(SolutionConfigurationPlatforms) = preSolution
		Debug|Any CPU = Debug|Any CPU
		Release|Any CPU = Release|Any CPU
	EndGlobalSection
	GlobalSection(ProjectConfigurationPlatforms) = postSolution
		{090EA6E3-513E-4F17-AFC2-287D87F1A1A3}.Debug|Any CPU.ActiveCfg = Debug|Any CPU
		{090EA6E3-513E-4F17-AFC2-287D87F1A1A3}.Debug|Any CPU.Build.0 = Debug|Any CPU
		{090EA6E3-513E-4F17-AFC2-287D87F1A1A3}.Release|Any CPU.ActiveCfg = Release|Any CPU
		{090EA6E3-513E-4F17-AFC2-287D87F1A1A3}.Release|Any CPU.Build.0 = Release|Any CPU
	EndGlobalSection
	GlobalSection(SolutionProperties) = preSolution
		HideSolutionNode = FALSE
	EndGlobalSection
	GlobalSection(ExtensibilityGlobals) = postSolution
		SolutionGuid = {651C6587-C090-4CA2-A9DB-6B060CE4468C}
	EndGlobalSection
EndGlobal
